
Microsoft Visual Studio Solution File, Format Version 12.00
# Visual Studio 15
VisualStudioVersion = 15.0.27703.2042
MinimumVisualStudioVersion = 10.0.40219.1
Project("{8BC9CEB8-8B4A-11D0-8D11-00A0C91BC942}") = "gpu_jenkins_hash", "gpu_jenkins_hash\gpu_jenkins_hash.vcxproj", "{7BAE39D2-CA42-495E-B809-C8F234B78B36}"
EndProject
Global
	GlobalSection(SolutionConfigurationPlatforms) = preSolution
		Debug|x64 = Debug|x64
		Debug|x86 = Debug|x86
		Release|x64 = Release|x64
		Release|x86 = Release|x86
	EndGlobalSection
	GlobalSection(ProjectConfigurationPlatforms) = postSolution
		{7BAE39D2-CA42-495E-B809-C8F234B78B36}.Debug|x64.ActiveCfg = Debug|x64
		{7BAE39D2-CA42-495E-B809-C8F234B78B36}.Debug|x64.Build.0 = Debug|x64
		{7BAE39D2-CA42-495E-B809-C8F234B78B36}.Debug|x86.ActiveCfg = Debug|Win32
		{7BAE39D2-CA42-495E-B809-C8F234B78B36}.Debug|x86.Build.0 = Debug|Win32
		{7BAE39D2-CA42-495E-B809-C8F234B78B36}.Release|x64.ActiveCfg = Release|x64
		{7BAE39D2-CA42-495E-B809-C8F234B78B36}.Release|x64.Build.0 = Release|x64
		{7BAE39D2-CA42-495E-B809-C8F234B78B36}.Release|x86.ActiveCfg = Release|Win32
		{7BAE39D2-CA42-495E-B809-C8F234B78B36}.Release|x86.Build.0 = Release|Win32
	EndGlobalSection
	GlobalSection(SolutionProperties) = preSolution
		HideSolutionNode = FALSE
	EndGlobalSection
	GlobalSection(ExtensibilityGlobals) = postSolution
		SolutionGuid = {E5DE2D85-62C9-4D12-A37B-1B9E9A0C8E32}
	EndGlobalSection
EndGlobal
